
# THIS IS AN AUTOGENERATED FILE. DO NOT EDIT THIS FILE DIRECTLY.
# yarn lockfile v1


"@babel/code-frame@7.5.5", "@babel/code-frame@^7.5.5":
  version "7.5.5"
  resolved "https://registry.yarnpkg.com/@babel/code-frame/-/code-frame-7.5.5.tgz#bc0782f6d69f7b7d49531219699b988f669a8f9d"
  dependencies:
    "@babel/highlight" "^7.0.0"

"@babel/code-frame@^7.0.0":
  version "7.0.0"
  resolved "https://registry.yarnpkg.com/@babel/code-frame/-/code-frame-7.0.0.tgz#06e2ab19bdb535385559aabb5ba59729482800f8"
  dependencies:
    "@babel/highlight" "^7.0.0"

"@babel/core@7.6.0":
  version "7.6.0"
  resolved "https://registry.yarnpkg.com/@babel/core/-/core-7.6.0.tgz#9b00f73554edd67bebc86df8303ef678be3d7b48"
  dependencies:
    "@babel/code-frame" "^7.5.5"
    "@babel/generator" "^7.6.0"
    "@babel/helpers" "^7.6.0"
    "@babel/parser" "^7.6.0"
    "@babel/template" "^7.6.0"
    "@babel/traverse" "^7.6.0"
    "@babel/types" "^7.6.0"
    convert-source-map "^1.1.0"
    debug "^4.1.0"
    json5 "^2.1.0"
    lodash "^4.17.13"
    resolve "^1.3.2"
    semver "^5.4.1"
    source-map "^0.5.0"

"@babel/core@^7.1.0", "@babel/core@^7.4.5":
  version "7.6.4"
  resolved "https://registry.yarnpkg.com/@babel/core/-/core-7.6.4.tgz#6ebd9fe00925f6c3e177bb726a188b5f578088ff"
  dependencies:
    "@babel/code-frame" "^7.5.5"
    "@babel/generator" "^7.6.4"
    "@babel/helpers" "^7.6.2"
    "@babel/parser" "^7.6.4"
    "@babel/template" "^7.6.0"
    "@babel/traverse" "^7.6.3"
    "@babel/types" "^7.6.3"
    convert-source-map "^1.1.0"
    debug "^4.1.0"
    json5 "^2.1.0"
    lodash "^4.17.13"
    resolve "^1.3.2"
    semver "^5.4.1"
    source-map "^0.5.0"

"@babel/generator@^7.3.4":
  version "7.3.4"
  resolved "https://registry.yarnpkg.com/@babel/generator/-/generator-7.3.4.tgz#9aa48c1989257877a9d971296e5b73bfe72e446e"
  dependencies:
    "@babel/types" "^7.3.4"
    jsesc "^2.5.1"
    lodash "^4.17.11"
    source-map "^0.5.0"
    trim-right "^1.0.1"

"@babel/generator@^7.4.0", "@babel/generator@^7.6.0", "@babel/generator@^7.6.3", "@babel/generator@^7.6.4":
  version "7.6.4"
  resolved "https://registry.yarnpkg.com/@babel/generator/-/generator-7.6.4.tgz#a4f8437287bf9671b07f483b76e3bb731bc97671"
  dependencies:
    "@babel/types" "^7.6.3"
    jsesc "^2.5.1"
    lodash "^4.17.13"
    source-map "^0.5.0"

"@babel/helper-annotate-as-pure@^7.0.0":
  version "7.0.0"
  resolved "https://registry.yarnpkg.com/@babel/helper-annotate-as-pure/-/helper-annotate-as-pure-7.0.0.tgz#323d39dd0b50e10c7c06ca7d7638e6864d8c5c32"
  dependencies:
    "@babel/types" "^7.0.0"

"@babel/helper-builder-binary-assignment-operator-visitor@^7.1.0":
  version "7.1.0"
  resolved "https://registry.yarnpkg.com/@babel/helper-builder-binary-assignment-operator-visitor/-/helper-builder-binary-assignment-operator-visitor-7.1.0.tgz#6b69628dfe4087798e0c4ed98e3d4a6b2fbd2f5f"
  dependencies:
    "@babel/helper-explode-assignable-expression" "^7.1.0"
    "@babel/types" "^7.0.0"

"@babel/helper-builder-react-jsx@^7.3.0":
  version "7.3.0"
  resolved "https://registry.yarnpkg.com/@babel/helper-builder-react-jsx/-/helper-builder-react-jsx-7.3.0.tgz#a1ac95a5d2b3e88ae5e54846bf462eeb81b318a4"
  dependencies:
    "@babel/types" "^7.3.0"
    esutils "^2.0.0"

"@babel/helper-call-delegate@^7.4.4":
  version "7.4.4"
  resolved "https://registry.yarnpkg.com/@babel/helper-call-delegate/-/helper-call-delegate-7.4.4.tgz#87c1f8ca19ad552a736a7a27b1c1fcf8b1ff1f43"
  dependencies:
    "@babel/helper-hoist-variables" "^7.4.4"
    "@babel/traverse" "^7.4.4"
    "@babel/types" "^7.4.4"

"@babel/helper-create-class-features-plugin@^7.5.5", "@babel/helper-create-class-features-plugin@^7.6.0":
  version "7.6.0"
  resolved "https://registry.yarnpkg.com/@babel/helper-create-class-features-plugin/-/helper-create-class-features-plugin-7.6.0.tgz#769711acca889be371e9bc2eb68641d55218021f"
  dependencies:
    "@babel/helper-function-name" "^7.1.0"
    "@babel/helper-member-expression-to-functions" "^7.5.5"
    "@babel/helper-optimise-call-expression" "^7.0.0"
    "@babel/helper-plugin-utils" "^7.0.0"
    "@babel/helper-replace-supers" "^7.5.5"
    "@babel/helper-split-export-declaration" "^7.4.4"

"@babel/helper-define-map@^7.5.5":
  version "7.5.5"
  resolved "https://registry.yarnpkg.com/@babel/helper-define-map/-/helper-define-map-7.5.5.tgz#3dec32c2046f37e09b28c93eb0b103fd2a25d369"
  dependencies:
    "@babel/helper-function-name" "^7.1.0"
    "@babel/types" "^7.5.5"
    lodash "^4.17.13"

"@babel/helper-explode-assignable-expression@^7.1.0":
  version "7.1.0"
  resolved "https://registry.yarnpkg.com/@babel/helper-explode-assignable-expression/-/helper-explode-assignable-expression-7.1.0.tgz#537fa13f6f1674df745b0c00ec8fe4e99681c8f6"
  dependencies:
    "@babel/traverse" "^7.1.0"
    "@babel/types" "^7.0.0"

"@babel/helper-function-name@^7.1.0":
  version "7.1.0"
  resolved "https://registry.yarnpkg.com/@babel/helper-function-name/-/helper-function-name-7.1.0.tgz#a0ceb01685f73355d4360c1247f582bfafc8ff53"
  dependencies:
    "@babel/helper-get-function-arity" "^7.0.0"
    "@babel/template" "^7.1.0"
    "@babel/types" "^7.0.0"

"@babel/helper-get-function-arity@^7.0.0":